
Microsoft Visual Studio Solution File, Format Version 12.00
# Visual Studio Version 16
VisualStudioVersion = 16.0.31019.35
MinimumVisualStudioVersion = 10.0.40219.1
Project("{FAE04EC0-301F-11D3-BF4B-00C04F79EFBC}") = "Google-hashcode-2021", "Google-hashcode-2021.csproj", "{6A8A88D3-206D-4B0B-9EB7-1E9509265E24}"
EndProject
Global
	GlobalSection(SolutionConfigurationPlatforms) = preSolution
		Debug|Any CPU = Debug|Any CPU
		Release|Any CPU = Release|Any CPU
	EndGlobalSection
	GlobalSection(ProjectConfigurationPlatforms) = postSolution
		{6A8A88D3-206D-4B0B-9EB7-1E9509265E24}.Debug|Any CPU.ActiveCfg = Debug|Any CPU
		{6A8A88D3-206D-4B0B-9EB7-1E9509265E24}.Debug|Any CPU.Build.0 = Debug|Any CPU
		{6A8A88D3-206D-4B0B-9EB7-1E9509265E24}.Release|Any CPU.ActiveCfg = Release|Any CPU
		{6A8A88D3-206D-4B0B-9EB7-1E9509265E24}.Release|Any CPU.Build.0 = Release|Any CPU
	EndGlobalSection
	GlobalSection(SolutionProperties) = preSolution
		HideSolutionNode = FALSE
	EndGlobalSection
	GlobalSection(ExtensibilityGlobals) = postSolution
		SolutionGuid = {3D6BA488-A648-4962-9220-5774EF7A24BA}
	EndGlobalSection
EndGlobal
